// !$*UTF8*$!
{
	archiveVersion = 1;
	classes = {
	};
	objectVersion = 46;
	objects = {

/* Begin PBXBuildFile section */
		A403B15B1D8645D800EB312E /* DataListVC.m in Sources */ = {isa = PBXBuildFile; fileRef = A403B15A1D8645D800EB312E /* DataListVC.m */; };
		A403B15E1D86465D00EB312E /* RequestViewModel.m in Sources */ = {isa = PBXBuildFile; fileRef = A403B15D1D86465D00EB312E /* RequestViewModel.m */; };
		A403B1611D864D7600EB312E /* Book.m in Sources */ = {isa = PBXBuildFile; fileRef = A403B1601D864D7600EB312E /* Book.m */; };
		A4F4E0CB1D82698000BB04AD /* main.m in Sources */ = {isa = PBXBuildFile; fileRef = A4F4E0CA1D82698000BB04AD /* main.m */; };
		A4F4E0CE1D82698000BB04AD /* AppDelegate.m in Sources */ = {isa = PBXBuildFile; fileRef = A4F4E0CD1D82698000BB04AD /* AppDelegate.m */; };
		A4F4E0D11D82698000BB04AD /* ViewController.m in Sources */ = {isa = PBXBuildFile; fileRef = A4F4E0D01D82698000BB04AD /* ViewController.m */; };
		A4F4E0D61D82698000BB04AD /* Assets.xcassets in Resources */ = {isa = PBXBuildFile; fileRef = A4F4E0D51D82698000BB04AD /* Assets.xcassets */; };
		A4F4E0D91D82698000BB04AD /* LaunchScreen.storyboard in Resources */ = {isa = PBXBuildFile; fileRef = A4F4E0D71D82698000BB04AD /* LaunchScreen.storyboard */; };
		A4F4E0E41D82698000BB04AD /* HbTestTests.m in Sources */ = {isa = PBXBuildFile; fileRef = A4F4E0E31D82698000BB04AD /* HbTestTests.m */; };
		A4F4E0EF1D82698000BB04AD /* HbTestUITests.m in Sources */ = {isa = PBXBuildFile; fileRef = A4F4E0EE1D82698000BB04AD /* HbTestUITests.m */; };
		A4F4E1001D826B2100BB04AD /* LoginVC.m in Sources */ = {isa = PBXBuildFile; fileRef = A4F4E0FF1D826B2100BB04AD /* LoginVC.m */; };
		A4F4E1041D8283AF00BB04AD /* LoginViewModel.m in Sources */ = {isa = PBXBuildFile; fileRef = A4F4E1031D8283AF00BB04AD /* LoginViewModel.m */; };
		A4F4E10C1D828E7700BB04AD /* Account.m in Sources */ = {isa = PBXBuildFile; fileRef = A4F4E10B1D828E7700BB04AD /* Account.m */; };
		C561EF9B09A701DBA7C6FE5D /* libPods-HbTest.a in Frameworks */ = {isa = PBXBuildFile; fileRef = B7983342575AF16AE6D8A351 /* libPods-HbTest.a */; };
/* End PBXBuildFile section */

/* Begin PBXContainerItemProxy section */
		A4F4E0E01D82698000BB04AD /* PBXContainerItemProxy */ = {
			isa = PBXContainerItemProxy;
			containerPortal = A4F4E0BE1D82698000BB04AD /* Project object */;
			proxyType = 1;
			remoteGlobalIDString = A4F4E0C51D82698000BB04AD;
			remoteInfo = HbTest;
		};
		A4F4E0EB1D82698000BB04AD /* PBXContainerItemProxy */ = {
			isa = PBXContainerItemProxy;
			containerPortal = A4F4E0BE1D82698000BB04AD /* Project object */;
			proxyType = 1;
			remoteGlobalIDString = A4F4E0C51D82698000BB04AD;
			remoteInfo = HbTest;
		};
/* End PBXContainerItemProxy section */

/* Begin PBXFileReference section */
		41D3F6ED37CD307BD6B06D94 /* Pods-HbTest.release.xcconfig */ = {isa = PBXFileReference; includeInIndex = 1; lastKnownFileType = text.xcconfig; name = "Pods-HbTest.release.xcconfig"; path = "Pods/Target Support Files/Pods-HbTest/Pods-HbTest.release.xcconfig"; sourceTree = "<group>"; };
		6A3F09BDF4C057114FD15396 /* Pods-HbTest.debug.xcconfig */ = {isa = PBXFileReference; includeInIndex = 1; lastKnownFileType = text.xcconfig; name = "Pods-HbTest.debug.xcconfig"; path = "Pods/Target Support Files/Pods-HbTest/Pods-HbTest.debug.xcconfig"; sourceTree = "<group>"; };
		A403B1591D8645D800EB312E /* DataListVC.h */ = {isa = PBXFileReference; fileEncoding = 4; lastKnownFileType = sourcecode.c.h; path = DataListVC.h; sourceTree = "<group>"; };
		A403B15A1D8645D800EB312E /* DataListVC.m */ = {isa = PBXFileReference; fileEncoding = 4; lastKnownFileType = sourcecode.c.objc; path = DataListVC.m; sourceTree = "<group>"; };
		A403B15C1D86465D00EB312E /* RequestViewModel.h */ = {isa = PBXFileReference; fileEncoding = 4; lastKnownFileType = sourcecode.c.h; path = RequestViewModel.h; sourceTree = "<group>"; };
		A403B15D1D86465D00EB312E /* RequestViewModel.m */ = {isa = PBXFileReference; fileEncoding = 4; lastKnownFileType = sourcecode.c.objc; path = RequestViewModel.m; sourceTree = "<group>"; };
		A403B15F1D864D7600EB312E /* Book.h */ = {isa = PBXFileReference; fileEncoding = 4; lastKnownFileType = sourcecode.c.h; path = Book.h; sourceTree = "<group>"; };
		A403B1601D864D7600EB312E /* Book.m */ = {isa = PBXFileReference; fileEncoding = 4; lastKnownFileType = sourcecode.c.objc; path = Book.m; sourceTree = "<group>"; };
		A4F4E0C61D82698000BB04AD /* HbTest.app */ = {isa = PBXFileReference; explicitFileType = wrapper.application; includeInIndex = 0; path = HbTest.app; sourceTree = BUILT_PRODUCTS_DIR; };
		A4F4E0CA1D82698000BB04AD /* main.m */ = {isa = PBXFileReference; lastKnownFileType = sourcecode.c.objc; path = main.m; sourceTree = "<group>"; };
		A4F4E0CC1D82698000BB04AD /* AppDelegate.h */ = {isa = PBXFileReference; lastKnownFileType = sourcecode.c.h; path = AppDelegate.h; sourceTree = "<group>"; };
		A4F4E0CD1D82698000BB04AD /* AppDelegate.m */ = {isa = PBXFileReference; lastKnownFileType = sourcecode.c.objc; path = AppDelegate.m; sourceTree = "<group>"; };
		A4F4E0CF1D82698000BB04AD /* ViewController.h */ = {isa = PBXFileReference; lastKnownFileType = sourcecode.c.h; path = ViewController.h; sourceTree = "<group>"; };
		A4F4E0D01D82698000BB04AD /* ViewController.m */ = {isa = PBXFileReference; lastKnownFileType = sourcecode.c.objc; path = ViewController.m; sourceTree = "<group>"; };
		A4F4E0D51D82698000BB04AD /* Assets.xcassets */ = {isa = PBXFileReference; lastKnownFileType = folder.assetcatalog; path = Assets.xcassets; sourceTree = "<group>"; };
		A4F4E0D81D82698000BB04AD /* Base */ = {isa = PBXFileReference; lastKnownFileType = file.storyboard; name = Base; path = Base.lproj/LaunchScreen.storyboard; sourceTree = "<group>"; };
		A4F4E0DA1D82698000BB04AD /* Info.plist */ = {isa = PBXFileReference; lastKnownFileType = text.plist.xml; path = Info.plist; sourceTree = "<group>"; };
		A4F4E0DF1D82698000BB04AD /* HbTestTests.xctest */ = {isa = PBXFileReference; explicitFileType = wrapper.cfbundle; includeInIndex = 0; path = HbTestTests.xctest; sourceTree = BUILT_PRODUCTS_DIR; };
		A4F4E0E31D82698000BB04AD /* HbTestTests.m */ = {isa = PBXFileReference; lastKnownFileType = sourcecode.c.objc; path = HbTestTests.m; sourceTree = "<group>"; };
		A4F4E0E51D82698000BB04AD /* Info.plist */ = {isa = PBXFileReference; lastKnownFileType = text.plist.xml; path = Info.plist; sourceTree = "<group>"; };
		A4F4E0EA1D82698000BB04AD /* HbTestUITests.xctest */ = {isa = PBXFileReference; explicitFileType = wrapper.cfbundle; includeInIndex = 0; path = HbTestUITests.xctest; sourceTree = BUILT_PRODUCTS_DIR; };
		A4F4E0EE1D82698000BB04AD /* HbTestUITests.m */ = {isa = PBXFileReference; lastKnownFileType = sourcecode.c.objc; path = HbTestUITests.m; sourceTree = "<group>"; };
		A4F4E0F01D82698000BB04AD /* Info.plist */ = {isa = PBXFileReference; lastKnownFileType = text.plist.xml; path = Info.plist; sourceTree = "<group>"; };
		A4F4E0FE1D826B2100BB04AD /* LoginVC.h */ = {isa = PBXFileReference; fileEncoding = 4; lastKnownFileType = sourcecode.c.h; path = LoginVC.h; sourceTree = "<group>"; };
		A4F4E0FF1D826B2100BB04AD /* LoginVC.m */ = {isa = PBXFileReference; fileEncoding = 4; lastKnownFileType = sourcecode.c.objc; path = LoginVC.m; sourceTree = "<group>"; };
		A4F4E1021D8283AF00BB04AD /* LoginViewModel.h */ = {isa = PBXFileReference; fileEncoding = 4; lastKnownFileType = sourcecode.c.h; path = LoginViewModel.h; sourceTree = "<group>"; };
		A4F4E1031D8283AF00BB04AD /* LoginViewModel.m */ = {isa = PBXFileReference; fileEncoding = 4; lastKnownFileType = sourcecode.c.objc; path = LoginViewModel.m; sourceTree = "<group>"; };
		A4F4E10A1D828E7700BB04AD /* Account.h */ = {isa = PBXFileReference; fileEncoding = 4; lastKnownFileType = sourcecode.c.h; path = Account.h; sourceTree = "<group>"; };
		A4F4E10B1D828E7700BB04AD /* Account.m */ = {isa = PBXFileReference; fileEncoding = 4; lastKnownFileType = sourcecode.c.objc; path = Account.m; sourceTree = "<group>"; };
		B7983342575AF16AE6D8A351 /* libPods-HbTest.a */ = {isa = PBXFileReference; explicitFileType = archive.ar; includeInIndex = 0; path = "libPods-HbTest.a"; sourceTree = BUILT_PRODUCTS_DIR; };
/* End PBXFileReference section */

/* Begin PBXFrameworksBuildPhase section */
		A4F4E0C31D82698000BB04AD /* Frameworks */ = {
			isa = PBXFrameworksBuildPhase;
			buildActionMask = 2147483647;
			files = (
				C561EF9B09A701DBA7C6FE5D /* libPods-HbTest.a in Frameworks */,
			);
			runOnlyForDeploymentPostprocessing = 0;
		};
		A4F4E0DC1D82698000BB04AD /* Frameworks */ = {
			isa = PBXFrameworksBuildPhase;
			buildActionMask = 2147483647;
			files = (
			);
			runOnlyForDeploymentPostprocessing = 0;
		};
		A4F4E0E71D82698000BB04AD /* Frameworks */ = {
			isa = PBXFrameworksBuildPhase;
			buildActionMask = 2147483647;
			files = (
			);
			runOnlyForDeploymentPostprocessing = 0;
		};
/* End PBXFrameworksBuildPhase section */

/* Begin PBXGroup section */
		245938FA28CFF02433DAC55A /* Pods */ = {
			isa = PBXGroup;
			children = (
				6A3F09BDF4C057114FD15396 /* Pods-HbTest.debug.xcconfig */,
				41D3F6ED37CD307BD6B06D94 /* Pods-HbTest.release.xcconfig */,
			);
			name = Pods;
			sourceTree = "<group>";
		};
		353FB8AADA328A29BBCF7F68 /* Frameworks */ = {
			isa = PBXGroup;
			children = (
				B7983342575AF16AE6D8A351 /* libPods-HbTest.a */,
			);
			name = Frameworks;
			sourceTree = "<group>";
		};
		A4F4E0BD1D82698000BB04AD = {
			isa = PBXGroup;
			children = (
				A4F4E0C81D82698000BB04AD /* HbTest */,
				A4F4E0E21D82698000BB04AD /* HbTestTests */,
				A4F4E0ED1D82698000BB04AD /* HbTestUITests */,
				A4F4E0C71D82698000BB04AD /* Products */,
				245938FA28CFF02433DAC55A /* Pods */,
				353FB8AADA328A29BBCF7F68 /* Frameworks */,
			);
			sourceTree = "<group>";
		};
		A4F4E0C71D82698000BB04AD /* Products */ = {
			isa = PBXGroup;
			children = (
				A4F4E0C61D82698000BB04AD /* HbTest.app */,
				A4F4E0DF1D82698000BB04AD /* HbTestTests.xctest */,
				A4F4E0EA1D82698000BB04AD /* HbTestUITests.xctest */,
			);
			name = Products;
			sourceTree = "<group>";
		};
		A4F4E0C81D82698000BB04AD /* HbTest */ = {
			isa = PBXGroup;
			children = (
				A4F4E0FC1D826B0D00BB04AD /* Classes */,
				A4F4E0CC1D82698000BB04AD /* AppDelegate.h */,
				A4F4E0CD1D82698000BB04AD /* AppDelegate.m */,
				A4F4E0CF1D82698000BB04AD /* ViewController.h */,
				A4F4E0D01D82698000BB04AD /* ViewController.m */,
				A4F4E0D51D82698000BB04AD /* Assets.xcassets */,
				A4F4E0D71D82698000BB04AD /* LaunchScreen.storyboard */,
				A4F4E0DA1D82698000BB04AD /* Info.plist */,
				A4F4E0C91D82698000BB04AD /* Supporting Files */,
			);
			path = HbTest;
			sourceTree = "<group>";
		};
		A4F4E0C91D82698000BB04AD /* Supporting Files */ = {
			isa = PBXGroup;
			children = (
				A4F4E0CA1D82698000BB04AD /* main.m */,
			);
			name = "Supporting Files";
			sourceTree = "<group>";
		};
		A4F4E0E21D82698000BB04AD /* HbTestTests */ = {
			isa = PBXGroup;
			children = (
				A4F4E0E31D82698000BB04AD /* HbTestTests.m */,
				A4F4E0E51D82698000BB04AD /* Info.plist */,
			);
			path = HbTestTests;
			sourceTree = "<group>";
		};
		A4F4E0ED1D82698000BB04AD /* HbTestUITests */ = {
			isa = PBXGroup;
			children = (
				A4F4E0EE1D82698000BB04AD /* HbTestUITests.m */,
				A4F4E0F01D82698000BB04AD /* Info.plist */,
			);
			path = HbTestUITests;
			sourceTree = "<group>";
		};
		A4F4E0FC1D826B0D00BB04AD /* Classes */ = {
			isa = PBXGroup;
			children = (
				A4F4E1091D828E6600BB04AD /* Model */,
				A4F4E1011D82839300BB04AD /* ViewModel */,
				A4F4E0FD1D826B0D00BB04AD /* Controller */,
			);
			path = Classes;
			sourceTree = "<group>";
		};
		A4F4E0FD1D826B0D00BB04AD /* Controller */ = {
			isa = PBXGroup;
			children = (
				A4F4E0FE1D826B2100BB04AD /* LoginVC.h */,
				A4F4E0FF1D826B2100BB04AD /* LoginVC.m */,
				A403B1591D8645D800EB312E /* DataListVC.h */,
				A403B15A1D8645D800EB312E /* DataListVC.m */,
			);
			path = Controller;
			sourceTree = "<group>";
		};
		A4F4E1011D82839300BB04AD /* ViewModel */ = {
			isa = PBXGroup;
			children = (
				A4F4E1021D8283AF00BB04AD /* LoginViewModel.h */,
				A4F4E1031D8283AF00BB04AD /* LoginViewModel.m */,
				A403B15C1D86465D00EB312E /* RequestViewModel.h */,
				A403B15D1D86465D00EB312E /* RequestViewModel.m */,
			);
			path = ViewModel;
			sourceTree = "<group>";
		};
		A4F4E1091D828E6600BB04AD /* Model */ = {
			isa = PBXGroup;
			children = (
				A4F4E10A1D828E7700BB04AD /* Account.h */,
				A4F4E10B1D828E7700BB04AD /* Account.m */,
				A403B15F1D864D7600EB312E /* Book.h */,
				A403B1601D864D7600EB312E /* Book.m */,
			);
			path = Model;
			sourceTree = "<group>";
		};
/* End PBXGroup section */

/* Begin PBXNativeTarget section */
		A4F4E0C51D82698000BB04AD /* HbTest */ = {
			isa = PBXNativeTarget;
			buildConfigurationList = A4F4E0F31D82698000BB04AD /* Build configuration list for PBXNativeTarget "HbTest" */;
			buildPhases = (
				0690AC1857BD39F9170C4C61 /* 📦 Check Pods Manifest.lock */,
				A4F4E0C21D82698000BB04AD /* Sources */,
				A4F4E0C31D82698000BB04AD /* Frameworks */,
				A4F4E0C41D82698000BB04AD /* Resources */,
				C17976397A7EE6BCDA45F024 /* 📦 Embed Pods Frameworks */,
				4EC09DFA6A3BED4B0CCE2291 /* 📦 Copy Pods Resources */,
			);
			buildRules = (
			);
			dependencies = (
			);
			name = HbTest;
			productName = HbTest;
			productReference = A4F4E0C61D82698000BB04AD /* HbTest.app */;
			productType = "com.apple.product-type.application";
		};
		A4F4E0DE1D82698000BB04AD /* HbTestTests */ = {
			isa = PBXNativeTarget;
			buildConfigurationList = A4F4E0F61D82698000BB04AD /* Build configuration list for PBXNativeTarget "HbTestTests" */;
			buildPhases = (
				A4F4E0DB1D82698000BB04AD /* Sources */,
				A4F4E0DC1D82698000BB04AD /* Frameworks */,
				A4F4E0DD1D82698000BB04AD /* Resources */,
			);
			buildRules = (
			);
			dependencies = (
				A4F4E0E11D82698000BB04AD /* PBXTargetDependency */,
			);
			name = HbTestTests;
			productName = HbTestTests;
			productReference = A4F4E0DF1D82698000BB04AD /* HbTestTests.xctest */;
			productType = "com.apple.product-type.bundle.unit-test";
		};
		A4F4E0E91D82698000BB04AD /* HbTestUITests */ = {
			isa = PBXNativeTarget;
			buildConfigurationList = A4F4E0F91D82698000BB04AD /* Build configuration list for PBXNativeTarget "HbTestUITests" */;
			buildPhases = (
				A4F4E0E61D82698000BB04AD /* Sources */,
				A4F4E0E71D82698000BB04AD /* Frameworks */,
				A4F4E0E81D82698000BB04AD /* Resources */,
			);
			buildRules = (
			);
			dependencies = (
				A4F4E0EC1D82698000BB04AD /* PBXTargetDependency */,
			);
			name = HbTestUITests;
			productName = HbTestUITests;
			productReference = A4F4E0EA1D82698000BB04AD /* HbTestUITests.xctest */;
			productType = "com.apple.product-type.bundle.ui-testing";
		};
/* End PBXNativeTarget section */

/* Begin PBXProject section */
		A4F4E0BE1D82698000BB04AD /* Project object */ = {
			isa = PBXProject;
			attributes = {
				LastUpgradeCheck = 0730;
				ORGANIZATIONNAME = "郝兵";
				TargetAttributes = {
					A4F4E0C51D82698000BB04AD = {
						CreatedOnToolsVersion = 7.3.1;
					};
					A4F4E0DE1D82698000BB04AD = {
						CreatedOnToolsVersion = 7.3.1;
						TestTargetID = A4F4E0C51D82698000BB04AD;
					};
					A4F4E0E91D82698000BB04AD = {
						CreatedOnToolsVersion = 7.3.1;
						TestTargetID = A4F4E0C51D82698000BB04AD;
					};
				};
			};
			buildConfigurationList = A4F4E0C11D82698000BB04AD /* Build configuration list for PBXProject "HbTest" */;
			compatibilityVersion = "Xcode 3.2";
			developmentRegion = English;
			hasScannedForEncodings = 0;
			knownRegions = (
				en,
				Base,
			);
			mainGroup = A4F4E0BD1D82698000BB04AD;
			productRefGroup = A4F4E0C71D82698000BB04AD /* Products */;
			projectDirPath = "";
			projectRoot = "";
			targets = (
				A4F4E0C51D82698000BB04AD /* HbTest */,
				A4F4E0DE1D82698000BB04AD /* HbTestTests */,
				A4F4E0E91D82698000BB04AD /* HbTestUITests */,
			);
		};
/* End PBXProject section */

/* Begin PBXResourcesBuildPhase section */
		A4F4E0C41D82698000BB04AD /* Resources */ = {
			isa = PBXResourcesBuildPhase;
			buildActionMask = 2147483647;
			files = (
				A4F4E0D91D82698000BB04AD /* LaunchScreen.storyboard in Resources */,
				A4F4E0D61D82698000BB04AD /* Assets.xcassets in Resources */,
			);
			runOnlyForDeploymentPostprocessing = 0;
		};
		A4F4E0DD1D82698000BB04AD /* Resources */ = {
			isa = PBXResourcesBuildPhase;
			buildActionMask = 2147483647;
			files = (
			);
			runOnlyForDeploymentPostprocessing = 0;
		};
		A4F4E0E81D82698000BB04AD /* Resources */ = {
			isa = PBXResourcesBuildPhase;
			buildActionMask = 2147483647;
			files = (
			);
			runOnlyForDeploymentPostprocessing = 0;
		};
/* End PBXResourcesBuildPhase section */

/* Begin PBXShellScriptBuildPhase section */
		0690AC1857BD39F9170C4C61 /* 📦 Check Pods Manifest.lock */ = {
			isa = PBXShellScriptBuildPhase;
			buildActionMask = 2147483647;
			files = (
			);
			inputPaths = (
			);
			name = "📦 Check Pods Manifest.lock";
			outputPaths = (
			);
			runOnlyForDeploymentPostprocessing = 0;
			shellPath = /bin/sh;
			shellScript = "diff \"${PODS_ROOT}/../Podfile.lock\" \"${PODS_ROOT}/Manifest.lock\" > /dev/null\nif [[ $? != 0 ]] ; then\n    cat << EOM\nerror: The sandbox is not in sync with the Podfile.lock. Run 'pod install' or update your CocoaPods installation.\nEOM\n    exit 1\nfi\n";
			showEnvVarsInLog = 0;
		};
		4EC09DFA6A3BED4B0CCE2291 /* 📦 Copy Pods Resources */ = {
			isa = PBXShellScriptBuildPhase;
			buildActionMask = 2147483647;
			files = (
			);
			inputPaths = (
			);
			name = "📦 Copy Pods Resources";
			outputPaths = (
			);
			runOnlyForDeploymentPostprocessing = 0;
			shellPath = /bin/sh;
			shellScript = "\"${SRCROOT}/Pods/Target Support Files/Pods-HbTest/Pods-HbTest-resources.sh\"\n";
			showEnvVarsInLog = 0;
		};
		C17976397A7EE6BCDA45F024 /* 📦 Embed Pods Frameworks */ = {
			isa = PBXShellScriptBuildPhase;
			buildActionMask = 2147483647;
			files = (
			);
			inputPaths = (
			);
			name = "📦 Embed Pods Frameworks";
			outputPaths = (
			);
			runOnlyForDeploymentPostprocessing = 0;
			shellPath = /bin/sh;
			shellScript = "\"${SRCROOT}/Pods/Target Support Files/Pods-HbTest/Pods-HbTest-frameworks.sh\"\n";
			showEnvVarsInLog = 0;
		};
/* End PBXShellScriptBuildPhase section */

/* Begin PBXSourcesBuildPhase section */
		A4F4E0C21D82698000BB04AD /* Sources */ = {
			isa = PBXSourcesBuildPhase;
			buildActionMask = 2147483647;
			files = (
				A4F4E0D11D82698000BB04AD /* ViewController.m in Sources */,
				A403B1611D864D7600EB312E /* Book.m in Sources */,
				A4F4E0CE1D82698000BB04AD /* AppDelegate.m in Sources */,
				A403B15E1D86465D00EB312E /* RequestViewModel.m in Sources */,
				A403B15B1D8645D800EB312E /* DataListVC.m in Sources */,
				A4F4E1001D826B2100BB04AD /* LoginVC.m in Sources */,
				A4F4E10C1D828E7700BB04AD /* Account.m in Sources */,
				A4F4E1041D8283AF00BB04AD /* LoginViewModel.m in Sources */,
				A4F4E0CB1D82698000BB04AD /* main.m in Sources */,
			);
			runOnlyForDeploymentPostprocessing = 0;
		};
		A4F4E0DB1D82698000BB04AD /* Sources */ = {
			isa = PBXSourcesBuildPhase;
			buildActionMask = 2147483647;
			files = (
				A4F4E0E41D82698000BB04AD /* HbTestTests.m in Sources */,
			);
			runOnlyForDeploymentPostprocessing = 0;
		};
		A4F4E0E61D82698000BB04AD /* Sources */ = {
			isa = PBXSourcesBuildPhase;
			buildActionMask = 2147483647;
			files = (
				A4F4E0EF1D82698000BB04AD /* HbTestUITests.m in Sources */,
			);
			runOnlyForDeploymentPostprocessing = 0;
		};
/* End PBXSourcesBuildPhase section */

/* Begin PBXTargetDependency section */
		A4F4E0E11D82698000BB04AD /* PBXTargetDependency */ = {
			isa = PBXTargetDependency;
			target = A4F4E0C51D82698000BB04AD /* HbTest */;
			targetProxy = A4F4E0E01D82698000BB04AD /* PBXContainerItemProxy */;
		};
		A4F4E0EC1D82698000BB04AD /* PBXTargetDependency */ = {
			isa = PBXTargetDependency;
			target = A4F4E0C51D82698000BB04AD /* HbTest */;
			targetProxy = A4F4E0EB1D82698000BB04AD /* PBXContainerItemProxy */;
		};
/* End PBXTargetDependency section */

/* Begin PBXVariantGroup section */
		A4F4E0D71D82698000BB04AD /* LaunchScreen.storyboard */ = {
			isa = PBXVariantGroup;
			children = (
				A4F4E0D81D82698000BB04AD /* Base */,
			);
			name = LaunchScreen.storyboard;
			sourceTree = "<group>";
		};
/* End PBXVariantGroup section */

/* Begin XCBuildConfiguration section */
		A4F4E0F11D82698000BB04AD /* Debug */ = {
			isa = XCBuildConfiguration;
			buildSettings = {
				ALWAYS_SEARCH_USER_PATHS = NO;
				CLANG_ANALYZER_NONNULL = YES;
				CLANG_CXX_LANGUAGE_STANDARD = "gnu++0x";
				CLANG_CXX_LIBRARY = "libc++";
				CLANG_ENABLE_MODULES = YES;
				CLANG_ENABLE_OBJC_ARC = YES;
				CLANG_WARN_BOOL_CONVERSION = YES;
				CLANG_WARN_CONSTANT_CONVERSION = YES;
				CLANG_WARN_DIRECT_OBJC_ISA_USAGE = YES_ERROR;
				CLANG_WARN_EMPTY_BODY = YES;
				CLANG_WARN_ENUM_CONVERSION = YES;
				CLANG_WARN_INT_CONVERSION = YES;
				CLANG_WARN_OBJC_ROOT_CLASS = YES_ERROR;
				CLANG_WARN_UNREACHABLE_CODE = YES;
				CLANG_WARN__DUPLICATE_METHOD_MATCH = YES;
				"CODE_SIGN_IDENTITY[sdk=iphoneos*]" = "iPhone Developer";
				COPY_PHASE_STRIP = NO;
				DEBUG_INFORMATION_FORMAT = dwarf;
				ENABLE_STRICT_OBJC_MSGSEND = YES;
				ENABLE_TESTABILITY = YES;
				GCC_C_LANGUAGE_STANDARD = gnu99;
				GCC_DYNAMIC_NO_PIC = NO;
				GCC_NO_COMMON_BLOCKS = YES;
				GCC_OPTIMIZATION_LEVEL = 0;
				GCC_PREPROCESSOR_DEFINITIONS = (
					"DEBUG=1",
					"$(inherited)",
				);
				GCC_WARN_64_TO_32_BIT_CONVERSION = YES;
				GCC_WARN_ABOUT_RETURN_TYPE = YES_ERROR;
				GCC_WARN_UNDECLARED_SELECTOR = YES;
				GCC_WARN_UNINITIALIZED_AUTOS = YES_AGGRESSIVE;
				GCC_WARN_UNUSED_FUNCTION = YES;
				GCC_WARN_UNUSED_VARIABLE = YES;
				IPHONEOS_DEPLOYMENT_TARGET = 9.3;
				MTL_ENABLE_DEBUG_INFO = YES;
				ONLY_ACTIVE_ARCH = YES;
				SDKROOT = iphoneos;
				TARGETED_DEVICE_FAMILY = "1,2";
			};
			name = Debug;
		};
		A4F4E0F21D82698000BB04AD /* Release */ = {
			isa = XCBuildConfiguration;
			buildSettings = {
				ALWAYS_SEARCH_USER_PATHS = NO;
				CLANG_ANALYZER_NONNULL = YES;
				CLANG_CXX_LANGUAGE_STANDARD = "gnu++0x";
				CLANG_CXX_LIBRARY = "libc++";
				CLANG_ENABLE_MODULES = YES;
				CLANG_ENABLE_OBJC_ARC = YES;
				CLANG_WARN_BOOL_CONVERSION = YES;
				CLANG_WARN_CONSTANT_CONVERSION = YES;
				CLANG_WARN_DIRECT_OBJC_ISA_USAGE = YES_ERROR;
				CLANG_WARN_EMPTY_BODY = YES;
				CLANG_WARN_ENUM_CONVERSION = YES;
				CLANG_WARN_INT_CONVERSION = YES;
				CLANG_WARN_OBJC_ROOT_CLASS = YES_ERROR;
				CLANG_WARN_UNREACHABLE_CODE = YES;
				CLANG_WARN__DUPLICATE_METHOD_MATCH = YES;
				"CODE_SIGN_IDENTITY[sdk=iphoneos*]" = "iPhone Developer";
				COPY_PHASE_STRIP = NO;
				DEBUG_INFORMATION_FORMAT = "dwarf-with-dsym";
				ENABLE_NS_ASSERTIONS = NO;
				ENABLE_STRICT_OBJC_MSGSEND = YES;
				GCC_C_LANGUAGE_STANDARD = gnu99;
				GCC_NO_COMMON_BLOCKS = YES;
				GCC_WARN_64_TO_32_BIT_CONVERSION = YES;
				GCC_WARN_ABOUT_RETURN_TYPE = YES_ERROR;
				GCC_WARN_UNDECLARED_SELECTOR = YES;
				GCC_WARN_UNINITIALIZED_AUTOS = YES_AGGRESSIVE;
				GCC_WARN_UNUSED_FUNCTION = YES;
				GCC_WARN_UNUSED_VARIABLE = YES;
				IPHONEOS_DEPLOYMENT_TARGET = 9.3;
				MTL_ENABLE_DEBUG_INFO = NO;
				SDKROOT = iphoneos;
				TARGETED_DEVICE_FAMILY = "1,2";
				VALIDATE_PRODUCT = YES;
			};
			name = Release;
		};
		A4F4E0F41D82698000BB04AD /* Debug */ = {
			isa = XCBuildConfiguration;
			baseConfigurationReference = 6A3F09BDF4C057114FD15396 /* Pods-HbTest.debug.xcconfig */;
			buildSettings = {
				ASSETCATALOG_COMPILER_APPICON_NAME = AppIcon;
				INFOPLIST_FILE = HbTest/Info.plist;
				LD_RUNPATH_SEARCH_PATHS = "$(inherited) @executable_path/Frameworks";
				PRODUCT_BUNDLE_IDENTIFIER = com.hb.test.HbTest;
				PRODUCT_NAME = "$(TARGET_NAME)";
			};
			name = Debug;
		};
		A4F4E0F51D82698000BB04AD /* Release */ = {
			isa = XCBuildConfiguration;
			baseConfigurationReference = 41D3F6ED37CD307BD6B06D94 /* Pods-HbTest.release.xcconfig */;
			buildSettings = {
				ASSETCATALOG_COMPILER_APPICON_NAME = AppIcon;
				INFOPLIST_FILE = HbTest/Info.plist;
				LD_RUNPATH_SEARCH_PATHS = "$(inherited) @executable_path/Frameworks";
				PRODUCT_BUNDLE_IDENTIFIER = com.hb.test.HbTest;
				PRODUCT_NAME = "$(TARGET_NAME)";
			};
			name = Release;
		};
		A4F4E0F71D82698000BB04AD /* Debug */ = {
			isa = XCBuildConfiguration;
			buildSettings = {
				BUNDLE_LOADER = "$(TEST_HOST)";
				INFOPLIST_FILE = HbTestTests/Info.plist;
				LD_RUNPATH_SEARCH_PATHS = "$(inherited) @executable_path/Frameworks @loader_path/Frameworks";
				PRODUCT_BUNDLE_IDENTIFIER = com.hb.test.HbTestTests;
				PRODUCT_NAME = "$(TARGET_NAME)";
				TEST_HOST = "$(BUILT_PRODUCTS_DIR)/HbTest.app/HbTest";
			};
			name = Debug;
		};
		A4F4E0F81D82698000BB04AD /* Release */ = {
			isa = XCBuildConfiguration;
			buildSettings = {
				BUNDLE_LOADER = "$(TEST_HOST)";
				INFOPLIST_FILE = HbTestTests/Info.plist;
				LD_RUNPATH_SEARCH_PATHS = "$(inherited) @executable_path/Frameworks @loader_path/Frameworks";
				PRODUCT_BUNDLE_IDENTIFIER = com.hb.test.HbTestTests;
				PRODUCT_NAME = "$(TARGET_NAME)";
				TEST_HOST = "$(BUILT_PRODUCTS_DIR)/HbTest.app/HbTest";
			};
			name = Release;
		};
		A4F4E0FA1D82698000BB04AD /* Debug */ = {
			isa = XCBuildConfiguration;
			buildSettings = {
				INFOPLIST_FILE = HbTestUITests/Info.plist;
				LD_RUNPATH_SEARCH_PATHS = "$(inherited) @executable_path/Frameworks @loader_path/Frameworks";
				PRODUCT_BUNDLE_IDENTIFIER = com.hb.test.HbTestUITests;
				PRODUCT_NAME = "$(TARGET_NAME)";
				TEST_TARGET_NAME = HbTest;
			};
			name = Debug;
		};
		A4F4E0FB1D82698000BB04AD /* Release */ = {
			isa = XCBuildConfiguration;
			buildSettings = {
				INFOPLIST_FILE = HbTestUITests/Info.plist;
				LD_RUNPATH_SEARCH_PATHS = "$(inherited) @executable_path/Frameworks @loader_path/Frameworks";
				PRODUCT_BUNDLE_IDENTIFIER = com.hb.test.HbTestUITests;
				PRODUCT_NAME = "$(TARGET_NAME)";
				TEST_TARGET_NAME = HbTest;
			};
			name = Release;
		};
/* End XCBuildConfiguration section */

/* Begin XCConfigurationList section */
		A4F4E0C11D82698000BB04AD /* Build configuration list for PBXProject "HbTest" */ = {
			isa = XCConfigurationList;
			buildConfigurations = (
				A4F4E0F11D82698000BB04AD /* Debug */,
				A4F4E0F21D82698000BB04AD /* Release */,
			);
			defaultConfigurationIsVisible = 0;
			defaultConfigurationName = Release;
		};
		A4F4E0F31D82698000BB04AD /* Build configuration list for PBXNativeTarget "HbTest" */ = {
			isa = XCConfigurationList;
			buildConfigurations = (
				A4F4E0F41D82698000BB04AD /* Debug */,
				A4F4E0F51D82698000BB04AD /* Release */,
			);
			defaultConfigurationIsVisible = 0;
			defaultConfigurationName = Release;
		};
		A4F4E0F61D82698000BB04AD /* Build configuration list for PBXNativeTarget "HbTestTests" */ = {
			isa = XCConfigurationList;
			buildConfigurations = (
				A4F4E0F71D82698000BB04AD /* Debug */,
				A4F4E0F81D82698000BB04AD /* Release */,
			);
			defaultConfigurationIsVisible = 0;
			defaultConfigurationName = Release;
		};
		A4F4E0F91D82698000BB04AD /* Build configuration list for PBXNativeTarget "HbTestUITests" */ = {
			isa = XCConfigurationList;
			buildConfigurations = (
				A4F4E0FA1D82698000BB04AD /* Debug */,
				A4F4E0FB1D82698000BB04AD /* Release */,
			);
			defaultConfigurationIsVisible = 0;
			defaultConfigurationName = Release;
		};
/* End XCConfigurationList section */
	};
	rootObject = A4F4E0BE1D82698000BB04AD /* Project object */;
}
